{
  "nodes": {
    "elisp-helpers": {
      "flake": false,
      "locked": {
        "lastModified": 1670660561,
        "narHash": "sha256-cqRF2OZcJyMq6f5OpGC5hRvWJM1/xZmU+WGguKhp1+w=",
        "owner": "emacs-twist",
        "repo": "elisp-helpers",
        "rev": "603e1e097cce75a1e1e9efa06705796d55ffc44e",
        "type": "github"
      },
      "original": {
        "owner": "emacs-twist",
        "repo": "elisp-helpers",
        "type": "github"
      }
    },
    "emacs": {
      "flake": false,
      "locked": {
        "lastModified": 1671277317,
        "narHash": "sha256-ErGrzuO7irAhAWPS4kfI+Hzo4urG8Ckj8/6hzYLDnDM=",
        "owner": "emacs-mirror",
        "repo": "emacs",
        "rev": "7828ceac1dd0638bccdec95ce4d1ce504e152bd3",
        "type": "github"
      },
      "original": {
        "owner": "emacs-mirror",
        "repo": "emacs",
        "type": "github"
      }
    },
    "emacs-unstable": {
      "inputs": {
        "flake-utils": "flake-utils",
        "nixpkgs": "nixpkgs"
      },
      "locked": {
        "lastModified": 1671268121,
        "narHash": "sha256-LIOLFw5m2mYDjMo7eBB/cxYjhEqBnvQ8dpZvTjR6+Lo=",
        "owner": "nix-community",
        "repo": "emacs-overlay",
        "rev": "249d14bdd55995eea2e0c9cfed8a230525faebde",
        "type": "github"
      },
      "original": {
        "owner": "nix-community",
        "repo": "emacs-overlay",
        "type": "github"
      }
    },
    "epkgs": {
      "flake": false,
      "locked": {
        "lastModified": 1671238408,
        "narHash": "sha256-A8Cuo2y2zl5D8nAXdh7f9bCkEvpoMG3B6Cx1mFaVaaI=",
        "owner": "emacsmirror",
        "repo": "epkgs",
        "rev": "e0dcfa2204f391c6f3022a2c941401af37f03870",
        "type": "github"
      },
      "original": {
        "owner": "emacsmirror",
        "repo": "epkgs",
        "type": "github"
      }
    },
    "flake-utils": {
      "locked": {
        "lastModified": 1667395993,
        "narHash": "sha256-nuEHfE/LcWyuSWnS8t12N1wc105Qtau+/OdUAjtQ0rA=",
        "owner": "numtide",
        "repo": "flake-utils",
        "rev": "5aed5285a952e0b949eb3ba02c12fa4fcfef535f",
        "type": "github"
      },
      "original": {
        "owner": "numtide",
        "repo": "flake-utils",
        "type": "github"
      }
    },
    "flake-utils_2": {
      "locked": {
        "lastModified": 1667395993,
        "narHash": "sha256-nuEHfE/LcWyuSWnS8t12N1wc105Qtau+/OdUAjtQ0rA=",
        "owner": "numtide",
        "repo": "flake-utils",
        "rev": "5aed5285a952e0b949eb3ba02c12fa4fcfef535f",
        "type": "github"
      },
      "original": {
        "owner": "numtide",
        "repo": "flake-utils",
        "type": "github"
      }
    },
    "fromElisp": {
      "flake": false,
      "locked": {
        "lastModified": 1649625973,
        "narHash": "sha256-y/7IsibjBGY3uUN9K/VMKPTVAbgsV0Xdi8Hnv6Nq76E=",
        "owner": "talyz",
        "repo": "fromElisp",
        "rev": "edd1301d1fc35440ae6c918ca92039233e3d770f",
        "type": "github"
      },
      "original": {
        "owner": "talyz",
        "repo": "fromElisp",
        "type": "github"
      }
    },
    "gnu-elpa": {
      "flake": false,
      "locked": {
        "lastModified": 1671001752,
        "narHash": "sha256-plUPkS9XYLhBPuwko/w3P2YvQoYCEwBal7JSUrQg0KQ=",
        "ref": "main",
        "rev": "760f50cc3cb41a15341633506c4bc8d3b98ace33",
        "revCount": 475,
        "type": "git",
        "url": "https://git.savannah.gnu.org/git/emacs/elpa.git"
      },
      "original": {
        "ref": "main",
        "type": "git",
        "url": "https://git.savannah.gnu.org/git/emacs/elpa.git"
      }
    },
    "melpa": {
      "flake": false,
      "locked": {
        "lastModified": 1671234863,
        "narHash": "sha256-vGnle6SvAqvHZYWxpDne22BAAliIkj/eqzNyicWKreQ=",
        "owner": "melpa",
        "repo": "melpa",
        "rev": "4997d534a7304b3eb2a7aac6a17f7c6e7605d0da",
        "type": "github"
      },
      "original": {
        "owner": "melpa",
        "repo": "melpa",
        "type": "github"
      }
    },
    "nixpkgs": {
      "locked": {
        "lastModified": 1671249438,
        "narHash": "sha256-5e+CcnbZA3/i2BRXbnzRS52Ly67MUNdZR+Zpbb2C65k=",
        "owner": "NixOS",
        "repo": "nixpkgs",
        "rev": "067bfc6c90a301572cec7da48f09c447a9a8eae0",
        "type": "github"
      },
      "original": {
        "id": "nixpkgs",
        "type": "indirect"
      }
    },
    "nixpkgs_2": {
      "locked": {
        "lastModified": 1671249438,
        "narHash": "sha256-5e+CcnbZA3/i2BRXbnzRS52Ly67MUNdZR+Zpbb2C65k=",
        "owner": "NixOS",
        "repo": "nixpkgs",
        "rev": "067bfc6c90a301572cec7da48f09c447a9a8eae0",
        "type": "github"
      },
      "original": {
        "id": "nixpkgs",
        "type": "indirect"
      }
    },
    "nongnu": {
      "flake": false,
      "locked": {
        "lastModified": 1670918321,
        "narHash": "sha256-G4ZdJLcSgZNsv48aYs12s1sBmhwuL7HFvrdugfT520U=",
        "ref": "main",
        "rev": "7e1a099d7bd53adb8be94c66d734f2be2f24a3eb",
        "revCount": 259,
        "type": "git",
        "url": "https://git.savannah.gnu.org/git/emacs/nongnu.git"
      },
      "original": {
        "ref": "main",
        "type": "git",
        "url": "https://git.savannah.gnu.org/git/emacs/nongnu.git"
      }
    },
    "org-babel": {
      "locked": {
        "lastModified": 1669954182,
        "narHash": "sha256-tYXRO/+MbLDQNn/mqnWKrQrYvFY0gHbU29wYln7+mpY=",
        "owner": "emacs-twist",
        "repo": "org-babel",
        "rev": "b448845abbbc8b742e9de547cd49ec886cd79cbf",
        "type": "github"
      },
      "original": {
        "owner": "emacs-twist",
        "repo": "org-babel",
        "type": "github"
      }
    },
    "root": {
      "inputs": {
        "emacs": "emacs",
        "emacs-unstable": "emacs-unstable",
        "epkgs": "epkgs",
        "flake-utils": "flake-utils_2",
        "gnu-elpa": "gnu-elpa",
        "melpa": "melpa",
        "nixpkgs": "nixpkgs_2",
        "nongnu": "nongnu",
        "org-babel": "org-babel",
        "scimax": "scimax",
        "terlar": "terlar",
        "twist": "twist"
      }
    },
    "scimax": {
      "flake": false,
      "locked": {
        "lastModified": 1663762656,
        "narHash": "sha256-gLy8NABIMNZ9O15M924bKZaTVM8or+0KAEAJqTDTRlI=",
        "owner": "jkitchin",
        "repo": "scimax",
        "rev": "25a7a1e490b44deedd915b451b41e286c77bbaf8",
        "type": "github"
      },
      "original": {
        "owner": "jkitchin",
        "repo": "scimax",
        "type": "github"
      }
    },
    "terlar": {
      "flake": false,
      "locked": {
        "lastModified": 1671269300,
        "narHash": "sha256-wVOmHUsmVLJk6v5laqXU1grpzK7/TFDdnedzyRupt2I=",
        "owner": "terlar",
        "repo": "emacs-config",
        "rev": "cd54cbdeb90d6a0f45fa73f08106aa84655df76a",
        "type": "github"
      },
      "original": {
        "owner": "terlar",
        "repo": "emacs-config",
        "type": "github"
      }
    },
    "twist": {
      "inputs": {
        "elisp-helpers": "elisp-helpers",
        "fromElisp": "fromElisp"
      },
      "locked": {
        "lastModified": 1671219829,
        "narHash": "sha256-iivgLAlqu6NFjjrRdMlNKdBe1IlAzMoN339/qiaqiJg=",
        "owner": "emacs-twist",
        "repo": "twist.nix",
        "rev": "cb60acfcb306b55cbe7e3b1bd59af8c9938a1c51",
        "type": "github"
      },
      "original": {
        "owner": "emacs-twist",
        "repo": "twist.nix",
        "type": "github"
      }
    }
  },
  "root": "root",
  "version": 7
}
