{
  "nodes": {
    "elisp-helpers": {
      "flake": false,
      "locked": {
        "lastModified": 1644084222,
        "narHash": "sha256-Z7K0UkMvjZ+rwzhE2smK5GCl4LkrmY97MKkpay23yDo=",
        "owner": "emacs-twist",
        "repo": "elisp-helpers",
        "rev": "7e295072ec385d0ef7e46efca259d9276542cd6f",
        "type": "github"
      },
      "original": {
        "owner": "emacs-twist",
        "repo": "elisp-helpers",
        "type": "github"
      }
    },
    "emacs": {
      "flake": false,
      "locked": {
        "lastModified": 1644068580,
        "narHash": "sha256-7l1deug5GYXbD3BmqXb5/MF558UORC0vYZPiIw5+Qpk=",
        "owner": "emacs-mirror",
        "repo": "emacs",
        "rev": "9e420cd893f5507b9d7d3888c3a6d709aa45e6ff",
        "type": "github"
      },
      "original": {
        "owner": "emacs-mirror",
        "repo": "emacs",
        "type": "github"
      }
    },
    "emacs-unstable": {
      "locked": {
        "lastModified": 1644056607,
        "narHash": "sha256-NIIU1+WDW61XchhSrMAy5pQHlnCDHLsi7pqnKP1TG64=",
        "owner": "nix-community",
        "repo": "emacs-overlay",
        "rev": "7a5bce1e455eb52f5bdaff575424f20dec439886",
        "type": "github"
      },
      "original": {
        "owner": "nix-community",
        "repo": "emacs-overlay",
        "type": "github"
      }
    },
    "epkgs": {
      "flake": false,
      "locked": {
        "lastModified": 1643630925,
        "narHash": "sha256-JXXifAmxvhQSd9w6MjmsGLbXxGmPElYdYnlyXIbE1LQ=",
        "owner": "emacsmirror",
        "repo": "epkgs",
        "rev": "81b041c968463f08e045b8f300d1d55207076403",
        "type": "github"
      },
      "original": {
        "owner": "emacsmirror",
        "repo": "epkgs",
        "type": "github"
      }
    },
    "flake-utils": {
      "locked": {
        "lastModified": 1642700792,
        "narHash": "sha256-XqHrk7hFb+zBvRg6Ghl+AZDq03ov6OshJLiSWOoX5es=",
        "owner": "numtide",
        "repo": "flake-utils",
        "rev": "846b2ae0fc4cc943637d3d1def4454213e203cba",
        "type": "github"
      },
      "original": {
        "owner": "numtide",
        "repo": "flake-utils",
        "type": "github"
      }
    },
    "fromElisp": {
      "flake": false,
      "locked": {
        "lastModified": 1620725665,
        "narHash": "sha256-xLQDuSXjlTJUPftbT/PTegrn6yySoEYrFlUP5e8Kfuc=",
        "owner": "talyz",
        "repo": "fromElisp",
        "rev": "1c0d9b629b505a6d7ba050172b2fcaf43fa32801",
        "type": "github"
      },
      "original": {
        "owner": "talyz",
        "repo": "fromElisp",
        "type": "github"
      }
    },
    "gnu-elpa": {
      "flake": false,
      "locked": {
        "lastModified": 1643807220,
        "narHash": "sha256-V7aq/NV/WHR7tM8Y0hGFPoHhI03OGHRNTen+e+clWzk=",
        "ref": "main",
        "rev": "a1e2c8e57b6c9cd830a104ffd961b9588504fa52",
        "revCount": 334,
        "type": "git",
        "url": "https://git.savannah.gnu.org/git/emacs/elpa.git"
      },
      "original": {
        "ref": "main",
        "type": "git",
        "url": "https://git.savannah.gnu.org/git/emacs/elpa.git"
      }
    },
    "melpa": {
      "flake": false,
      "locked": {
        "lastModified": 1643600742,
        "narHash": "sha256-Uy7vcSlypvt7ie+EEV+QcAb6PlfaCmTXivKk6RozLf8=",
        "owner": "melpa",
        "repo": "melpa",
        "rev": "36f51f076004452aff618e401984f70750f2505a",
        "type": "github"
      },
      "original": {
        "owner": "melpa",
        "repo": "melpa",
        "type": "github"
      }
    },
    "nixpkgs": {
      "locked": {
        "lastModified": 1643087856,
        "narHash": "sha256-EreC7gP/T566PDRZjqNoTvByTyvABEpJpWFtyNUDS0Y=",
        "path": "/nix/store/q5ipbyw3kxa7q9fia4c564rbdnhy4xsa-source",
        "rev": "8bd55a6a5ab05942af769c2aa2494044bff7f625",
        "type": "path"
      },
      "original": {
        "id": "nixpkgs",
        "type": "indirect"
      }
    },
    "nongnu": {
      "flake": false,
      "locked": {
        "lastModified": 1644011287,
        "narHash": "sha256-vq1gFpGY9j4dysq3fSAMLFXvWQRl0qIlCYPHjBHMXPM=",
        "ref": "main",
        "rev": "84e7ce062d8c5685d43d4808941a2bac399775e2",
        "revCount": 180,
        "type": "git",
        "url": "https://git.savannah.gnu.org/git/emacs/nongnu.git"
      },
      "original": {
        "ref": "main",
        "type": "git",
        "url": "https://git.savannah.gnu.org/git/emacs/nongnu.git"
      }
    },
    "org-babel": {
      "locked": {
        "lastModified": 1644076722,
        "narHash": "sha256-XR2b6hkJPbwYTsDMHBHja4eWMDTGQiCwimKTSOlk7u0=",
        "owner": "emacs-twist",
        "repo": "org-babel",
        "rev": "12460561ff7da1ba30c9408290b461aa6d15bac2",
        "type": "github"
      },
      "original": {
        "owner": "emacs-twist",
        "repo": "org-babel",
        "type": "github"
      }
    },
    "root": {
      "inputs": {
        "emacs": "emacs",
        "emacs-unstable": "emacs-unstable",
        "epkgs": "epkgs",
        "flake-utils": "flake-utils",
        "gnu-elpa": "gnu-elpa",
        "melpa": "melpa",
        "nixpkgs": "nixpkgs",
        "nongnu": "nongnu",
        "org-babel": "org-babel",
        "scimax": "scimax",
        "terlar": "terlar",
        "twist": "twist"
      }
    },
    "scimax": {
      "flake": false,
      "locked": {
        "lastModified": 1642871845,
        "narHash": "sha256-9ukZn/ozVHpGm69zY7zy1vZFg8hltBR4mIxvN/0uAy4=",
        "owner": "jkitchin",
        "repo": "scimax",
        "rev": "253c1ec31617fa22c7624cd93027a1be37957071",
        "type": "github"
      },
      "original": {
        "owner": "jkitchin",
        "repo": "scimax",
        "type": "github"
      }
    },
    "terlar": {
      "flake": false,
      "locked": {
        "lastModified": 1643504082,
        "narHash": "sha256-rbkHHO/QyP49o8DYpSG+aBTQi5myEib+6NZF3vMxOLQ=",
        "owner": "terlar",
        "repo": "emacs-config",
        "rev": "2c6788cb12fdc51a338f37b291e0dd3281f78d01",
        "type": "github"
      },
      "original": {
        "owner": "terlar",
        "repo": "emacs-config",
        "type": "github"
      }
    },
    "twist": {
      "inputs": {
        "elisp-helpers": "elisp-helpers",
        "fromElisp": "fromElisp"
      },
      "locked": {
        "lastModified": 1644088583,
        "narHash": "sha256-OPsrvBbsmd7F4LeXWWSBx4W19a15gughH1MTNHT2xS4=",
        "owner": "emacs-twist",
        "repo": "twist.nix",
        "rev": "385f0a3d75646d4aca7b60eb2cf5951fb145b630",
        "type": "github"
      },
      "original": {
        "owner": "emacs-twist",
        "repo": "twist.nix",
        "type": "github"
      }
    }
  },
  "root": "root",
  "version": 7
}
