{
  "nodes": {
    "elisp-helpers": {
      "flake": false,
      "locked": {
        "lastModified": 1678600653,
        "narHash": "sha256-WjBiXeK5rIHeRMCH+/Caww6ut9kZzlqdaEpJEb0wIp8=",
        "owner": "emacs-twist",
        "repo": "elisp-helpers",
        "rev": "361e7d18aac6e2c2c53beab4cc2fc043fb8a7b3c",
        "type": "github"
      },
      "original": {
        "owner": "emacs-twist",
        "repo": "elisp-helpers",
        "type": "github"
      }
    },
    "emacs": {
      "flake": false,
      "locked": {
        "lastModified": 1682698693,
        "narHash": "sha256-ivF0tOcPAmaBiVv4zcz+DqOvA2rMD/iJyDledRXcd9g=",
        "owner": "emacs-mirror",
        "repo": "emacs",
        "rev": "5c0f0751d0541bbdf0696ef3e76e2ad6562adcb9",
        "type": "github"
      },
      "original": {
        "owner": "emacs-mirror",
        "repo": "emacs",
        "type": "github"
      }
    },
    "emacs-unstable": {
      "inputs": {
        "flake-utils": "flake-utils",
        "nixpkgs": "nixpkgs"
      },
      "locked": {
        "lastModified": 1682737663,
        "narHash": "sha256-gXEP1Sy9LrQdD2y7sqQUumJvqiRWX3CJpEEJ9JOBUro=",
        "owner": "nix-community",
        "repo": "emacs-overlay",
        "rev": "b04a264d5f566ce27e1d62eeae3eabaaa8e942ef",
        "type": "github"
      },
      "original": {
        "owner": "nix-community",
        "repo": "emacs-overlay",
        "type": "github"
      }
    },
    "epkgs": {
      "flake": false,
      "locked": {
        "lastModified": 1682703604,
        "narHash": "sha256-wEhk+caHWlsQoJ/qow5tN5I7YavWOdTLajosLuMmUPs=",
        "owner": "emacsmirror",
        "repo": "epkgs",
        "rev": "e916304b7b0fa4a2bf6999f98f26746b9c4106c5",
        "type": "github"
      },
      "original": {
        "owner": "emacsmirror",
        "repo": "epkgs",
        "type": "github"
      }
    },
    "flake-utils": {
      "locked": {
        "lastModified": 1667395993,
        "narHash": "sha256-nuEHfE/LcWyuSWnS8t12N1wc105Qtau+/OdUAjtQ0rA=",
        "owner": "numtide",
        "repo": "flake-utils",
        "rev": "5aed5285a952e0b949eb3ba02c12fa4fcfef535f",
        "type": "github"
      },
      "original": {
        "owner": "numtide",
        "repo": "flake-utils",
        "type": "github"
      }
    },
    "flake-utils_2": {
      "inputs": {
        "systems": "systems"
      },
      "locked": {
        "lastModified": 1681202837,
        "narHash": "sha256-H+Rh19JDwRtpVPAWp64F+rlEtxUWBAQW28eAi3SRSzg=",
        "owner": "numtide",
        "repo": "flake-utils",
        "rev": "cfacdce06f30d2b68473a46042957675eebb3401",
        "type": "github"
      },
      "original": {
        "owner": "numtide",
        "repo": "flake-utils",
        "type": "github"
      }
    },
    "gnu-elpa": {
      "flake": false,
      "locked": {
        "lastModified": 1682494244,
        "narHash": "sha256-JkNfWCMbr0DWpA2aT0NH9sIWOrFZumJbNsOFQJug0pk=",
        "ref": "main",
        "rev": "ed5910e6f3018f469c641cadd51b56516ec36e54",
        "revCount": 511,
        "type": "git",
        "url": "https://git.savannah.gnu.org/git/emacs/elpa.git"
      },
      "original": {
        "ref": "main",
        "type": "git",
        "url": "https://git.savannah.gnu.org/git/emacs/elpa.git"
      }
    },
    "melpa": {
      "flake": false,
      "locked": {
        "lastModified": 1682700641,
        "narHash": "sha256-Hkv92DioRur+xBpxcHhBN6tQapz9e20CWqDA26ZVIQU=",
        "owner": "melpa",
        "repo": "melpa",
        "rev": "d46216e48e8fa087edd8a1fff7b8a61b7c282038",
        "type": "github"
      },
      "original": {
        "owner": "melpa",
        "repo": "melpa",
        "type": "github"
      }
    },
    "nixpkgs": {
      "locked": {
        "lastModified": 1673540789,
        "narHash": "sha256-xqnxBOK3qctIeUVxecydrEDbEXjsvHCPGPbvsl63M/U=",
        "owner": "NixOS",
        "repo": "nixpkgs",
        "rev": "0f213d0fee84280d8c3a97f7469b988d6fe5fcdf",
        "type": "github"
      },
      "original": {
        "owner": "NixOS",
        "ref": "nixos-unstable",
        "repo": "nixpkgs",
        "type": "github"
      }
    },
    "nixpkgs_2": {
      "locked": {
        "lastModified": 1682656005,
        "narHash": "sha256-fYplYo7so1O+rSQ2/aS+SbTPwLTeoUXk4ekKNtSl4P8=",
        "owner": "NixOS",
        "repo": "nixpkgs",
        "rev": "6806b63e824f84b0f0e60b6d660d4ae753de0477",
        "type": "github"
      },
      "original": {
        "id": "nixpkgs",
        "type": "indirect"
      }
    },
    "nongnu": {
      "flake": false,
      "locked": {
        "lastModified": 1678805407,
        "narHash": "sha256-2RiOZXiH+gMWfIcFNxJZZcKGfLrpcyRpdhorEb4kM2c=",
        "ref": "main",
        "rev": "0120f3dfe80cffe0c3016080d9205d12be3b741d",
        "revCount": 270,
        "type": "git",
        "url": "https://git.savannah.gnu.org/git/emacs/nongnu.git"
      },
      "original": {
        "ref": "main",
        "type": "git",
        "url": "https://git.savannah.gnu.org/git/emacs/nongnu.git"
      }
    },
    "org-babel": {
      "locked": {
        "lastModified": 1669954182,
        "narHash": "sha256-tYXRO/+MbLDQNn/mqnWKrQrYvFY0gHbU29wYln7+mpY=",
        "owner": "emacs-twist",
        "repo": "org-babel",
        "rev": "b448845abbbc8b742e9de547cd49ec886cd79cbf",
        "type": "github"
      },
      "original": {
        "owner": "emacs-twist",
        "repo": "org-babel",
        "type": "github"
      }
    },
    "root": {
      "inputs": {
        "emacs": "emacs",
        "emacs-unstable": "emacs-unstable",
        "epkgs": "epkgs",
        "flake-utils": "flake-utils_2",
        "gnu-elpa": "gnu-elpa",
        "melpa": "melpa",
        "nixpkgs": "nixpkgs_2",
        "nongnu": "nongnu",
        "org-babel": "org-babel",
        "scimax": "scimax",
        "terlar": "terlar",
        "twist": "twist"
      }
    },
    "scimax": {
      "flake": false,
      "locked": {
        "lastModified": 1682337866,
        "narHash": "sha256-FKDRI/TgKdAlccNJtyvzfhzO2jhnUbanxjzXU3+SyQ0=",
        "owner": "jkitchin",
        "repo": "scimax",
        "rev": "7c147b031f34b0302e6ac54b456d52496e384095",
        "type": "github"
      },
      "original": {
        "owner": "jkitchin",
        "repo": "scimax",
        "type": "github"
      }
    },
    "systems": {
      "locked": {
        "lastModified": 1681028828,
        "narHash": "sha256-Vy1rq5AaRuLzOxct8nz4T6wlgyUR7zLU309k9mBC768=",
        "owner": "nix-systems",
        "repo": "default",
        "rev": "da67096a3b9bf56a91d16901293e51ba5b49a27e",
        "type": "github"
      },
      "original": {
        "owner": "nix-systems",
        "repo": "default",
        "type": "github"
      }
    },
    "terlar": {
      "flake": false,
      "locked": {
        "lastModified": 1682152918,
        "narHash": "sha256-AQ5S1XAHpNDDCrz8hsdqRN9kIvDoEuC0+QLjc00UR9o=",
        "owner": "terlar",
        "repo": "emacs-config",
        "rev": "98325113ababe5cb078b62366ba60c41dbb0dab5",
        "type": "github"
      },
      "original": {
        "owner": "terlar",
        "repo": "emacs-config",
        "type": "github"
      }
    },
    "twist": {
      "inputs": {
        "elisp-helpers": "elisp-helpers"
      },
      "locked": {
        "lastModified": 1682024661,
        "narHash": "sha256-c6llsIRvu+Gi+XJ7Emt+WtANMq4cVTq0HH59T+cPQK4=",
        "owner": "emacs-twist",
        "repo": "twist.nix",
        "rev": "45ea5cdd6e36641137b80787e2ca894a0ce0ee47",
        "type": "github"
      },
      "original": {
        "owner": "emacs-twist",
        "repo": "twist.nix",
        "type": "github"
      }
    }
  },
  "root": "root",
  "version": 7
}
