{
  "adaptive-wrap": {
    "archive": {
      "narHash": "sha256-ZlXIz5zjjI8WaK3ZjnMIGF8z5WI2u/dwycDSaVaw06g=",
      "type": "tarball",
      "url": "https://elpa.gnu.org/devel/adaptive-wrap-0.8.0.20210602.91446.tar"
    },
    "inventory": {
      "type": "archive",
      "url": "https://elpa.gnu.org/devel/"
    },
    "packageRequires": {},
    "version": "0.8.0.20210602.91446"
  },
  "bbdb": {
    "archive": {
      "narHash": "sha256-B9y1Ubd9tfQhpb9EwZ0jzfHeslRyvIdP10phrbX7hp0=",
      "type": "tarball",
      "url": "https://elpa.gnu.org/devel/bbdb-3.2.2.2.0.20220705.233849.tar"
    },
    "inventory": {
      "type": "archive",
      "url": "https://elpa.gnu.org/devel/"
    },
    "packageRequires": {
      "cl-lib": "0.5",
      "emacs": "24"
    },
    "version": "3.2.2.2.0.20220705.233849"
  },
  "csv-mode": {
    "archive": {
      "narHash": "sha256-JRYPtot9jWbsAvAKxJ+K1VYtCkc9Trj+Ude+luE1y+0=",
      "type": "tarball",
      "url": "https://elpa.gnu.org/devel/csv-mode-1.22.0.20230208.161318.tar"
    },
    "inventory": {
      "type": "archive",
      "url": "https://elpa.gnu.org/devel/"
    },
    "packageRequires": {
      "cl-lib": "0.5",
      "emacs": "27.1"
    },
    "version": "1.22.0.20230208.161318"
  },
  "cycle-quotes": {
    "archive": {
      "narHash": "sha256-20Wz1BNqX2F1mRVWOGcj+svGYODjg9dyzIn4TBgZuEc=",
      "type": "tarball",
      "url": "https://elpa.gnu.org/devel/cycle-quotes-0.1.0.20221221.75021.tar"
    },
    "inventory": {
      "type": "archive",
      "url": "https://elpa.gnu.org/devel/"
    },
    "packageRequires": {},
    "version": "0.1.0.20221221.75021"
  },
  "org-contrib": {
    "archive": {
      "narHash": "sha256-k+nHhzRnsB0wbtrzrY0eCVrrfuNw79O6Z23DkbDsXK8=",
      "type": "tarball",
      "url": "https://elpa.nongnu.org/nongnu-devel/org-contrib-0.4.1.0.20230719.74153.tar"
    },
    "inventory": {
      "type": "archive",
      "url": "https://elpa.nongnu.org/nongnu-devel/"
    },
    "packageRequires": {
      "emacs": "25.1",
      "org": "9.4.6"
    },
    "version": "0.4.1.0.20230719.74153"
  },
  "rainbow-mode": {
    "archive": {
      "narHash": "sha256-FPlS7DO/Yf7dHUkkpkiGWooJg0oWhKe56go7EYb1Iiw=",
      "type": "tarball",
      "url": "https://elpa.gnu.org/devel/rainbow-mode-1.0.6.0.20221221.81735.tar"
    },
    "inventory": {
      "type": "archive",
      "url": "https://elpa.gnu.org/devel/"
    },
    "packageRequires": {},
    "version": "1.0.6.0.20221221.81735"
  },
  "sml-mode": {
    "archive": {
      "narHash": "sha256-gCHi1DXH5YbUsPfgG4kaIMbNcR3Ri3XW2xz4cFEIweY=",
      "type": "tarball",
      "url": "https://elpa.gnu.org/devel/sml-mode-6.12.0.20230411.5343.tar"
    },
    "inventory": {
      "type": "archive",
      "url": "https://elpa.gnu.org/devel/"
    },
    "packageRequires": {
      "cl-lib": "0.5",
      "emacs": "24.3"
    },
    "version": "6.12.0.20230411.5343"
  }
}
