{
  "adaptive-wrap": {
    "archive": {
      "narHash": "sha256-ZlXIz5zjjI8WaK3ZjnMIGF8z5WI2u/dwycDSaVaw06g=",
      "type": "tarball",
      "url": "https://elpa.gnu.org/devel/adaptive-wrap-0.8.0.20210602.91446.tar"
    },
    "inventory": {
      "type": "archive",
      "url": "https://elpa.gnu.org/devel/"
    },
    "packageRequires": {},
    "version": "0.8.0.20210602.91446"
  },
  "bbdb": {
    "archive": {
      "narHash": "sha256-B9y1Ubd9tfQhpb9EwZ0jzfHeslRyvIdP10phrbX7hp0=",
      "type": "tarball",
      "url": "https://elpa.gnu.org/devel/bbdb-3.2.2.2.0.20220705.233849.tar"
    },
    "inventory": {
      "type": "archive",
      "url": "https://elpa.gnu.org/devel/"
    },
    "packageRequires": {
      "cl-lib": "0.5",
      "emacs": "24"
    },
    "version": "3.2.2.2.0.20220705.233849"
  },
  "csv-mode": {
    "archive": {
      "narHash": "sha256-JRYPtot9jWbsAvAKxJ+K1VYtCkc9Trj+Ude+luE1y+0=",
      "type": "tarball",
      "url": "https://elpa.gnu.org/devel/csv-mode-1.22.0.20230208.161318.tar"
    },
    "inventory": {
      "type": "archive",
      "url": "https://elpa.gnu.org/devel/"
    },
    "packageRequires": {
      "cl-lib": "0.5",
      "emacs": "27.1"
    },
    "version": "1.22.0.20230208.161318"
  },
  "cycle-quotes": {
    "archive": {
      "narHash": "sha256-20Wz1BNqX2F1mRVWOGcj+svGYODjg9dyzIn4TBgZuEc=",
      "type": "tarball",
      "url": "https://elpa.gnu.org/devel/cycle-quotes-0.1.0.20221221.75021.tar"
    },
    "inventory": {
      "type": "archive",
      "url": "https://elpa.gnu.org/devel/"
    },
    "packageRequires": {},
    "version": "0.1.0.20221221.75021"
  },
  "eglot": {
    "archive": {
      "narHash": "sha256-lVMTO9aWfCVjnQAcTs6T7KujYac0dFbcD2EaLdlE+FY=",
      "type": "tarball",
      "url": "https://elpa.gnu.org/devel/eglot-1.14.0.20230407.185457.tar"
    },
    "inventory": {
      "type": "archive",
      "url": "https://elpa.gnu.org/devel/"
    },
    "packageRequires": {
      "eldoc": "1.14.0",
      "emacs": "26.3",
      "external-completion": "0.1",
      "flymake": "1.2.1",
      "jsonrpc": "1.0.16",
      "project": "0.9.8",
      "seq": "2.23",
      "xref": "1.6.2"
    },
    "version": "1.14.0.20230407.185457"
  },
  "org-contrib": {
    "archive": {
      "narHash": "sha256-75LBqsK9Pyut8J+0n/zsmF+jNGkW8MvaLRtW8tV77HU=",
      "type": "tarball",
      "url": "https://elpa.nongnu.org/nongnu-devel/org-contrib-0.4.1.0.20221217.162952.tar"
    },
    "inventory": {
      "type": "archive",
      "url": "https://elpa.nongnu.org/nongnu-devel/"
    },
    "packageRequires": {
      "emacs": "25.1",
      "org": "9.4.6"
    },
    "version": "0.4.1.0.20221217.162952"
  },
  "python": {
    "archive": {
      "narHash": "sha256-FZ/FrKqiQMfjE7C8zQf9KLlhsOVC0PdpMeFdknEVzJo=",
      "type": "tarball",
      "url": "https://elpa.gnu.org/devel/python-0.28.0.20230326.20307.tar"
    },
    "inventory": {
      "type": "archive",
      "url": "https://elpa.gnu.org/devel/"
    },
    "packageRequires": {
      "compat": "28.1.2.1",
      "emacs": "24.4",
      "seq": "2.23"
    },
    "version": "0.28.0.20230326.20307"
  },
  "rainbow-mode": {
    "archive": {
      "narHash": "sha256-FPlS7DO/Yf7dHUkkpkiGWooJg0oWhKe56go7EYb1Iiw=",
      "type": "tarball",
      "url": "https://elpa.gnu.org/devel/rainbow-mode-1.0.6.0.20221221.81735.tar"
    },
    "inventory": {
      "type": "archive",
      "url": "https://elpa.gnu.org/devel/"
    },
    "packageRequires": {},
    "version": "1.0.6.0.20221221.81735"
  },
  "sml-mode": {
    "archive": {
      "narHash": "sha256-iHqnoYyM6u7owyg4m3nazr4xGsCA9NC/tF8yCSRP5BI=",
      "type": "tarball",
      "url": "https://elpa.gnu.org/devel/sml-mode-6.11.0.20230127.190610.tar"
    },
    "inventory": {
      "type": "archive",
      "url": "https://elpa.gnu.org/devel/"
    },
    "packageRequires": {
      "cl-lib": "0.5",
      "emacs": "24.3"
    },
    "version": "6.11.0.20230127.190610"
  }
}
