{
  "peg": {
    "archive": {
      "narHash": "sha256-CXGwZW0ZHZOYjB1qa9pczRE3OH54k/5RfYSAikVHCoI=",
      "type": "tarball",
      "url": "https://elpa.gnu.org/devel/peg-1.0.1.0.20221221.81502.tar"
    },
    "inventory": {
      "type": "archive",
      "url": "https://elpa.gnu.org/devel/"
    },
    "packageRequires": {
      "emacs": "25"
    },
    "version": "1.0.1.0.20221221.81502"
  },
  "rainbow-mode": {
    "archive": {
      "narHash": "sha256-FPlS7DO/Yf7dHUkkpkiGWooJg0oWhKe56go7EYb1Iiw=",
      "type": "tarball",
      "url": "https://elpa.gnu.org/devel/rainbow-mode-1.0.6.0.20221221.81735.tar"
    },
    "inventory": {
      "type": "archive",
      "url": "https://elpa.gnu.org/devel/"
    },
    "packageRequires": {},
    "version": "1.0.6.0.20221221.81735"
  }
}
