{
  "peg": {
    "archive": {
      "narHash": "sha256-okKDP1vLCVsd5/zp7c0BlyYtN1bYHvPM5IDZ3KV4ul8=",
      "type": "tarball",
      "url": "https://elpa.gnu.org/packages/peg-1.0.tar"
    },
    "inventory": {
      "type": "archive",
      "url": "https://elpa.gnu.org/packages/"
    },
    "packageRequires": {
      "emacs": "25"
    },
    "version": "1.0"
  }
}
