{
  "nodes": {
    "ace-window": {
      "flake": false,
      "locked": {
        "lastModified": 1640714409,
        "narHash": "sha256-KrI+pPSpuLaiRblsfalRHz4Us8GUxel064BZ6412aR0=",
        "owner": "abo-abo",
        "repo": "ace-window",
        "rev": "0577c426a9833ab107bab46c60d1885c611b2fb9",
        "type": "github"
      },
      "original": {
        "owner": "abo-abo",
        "repo": "ace-window",
        "type": "github"
      }
    },
    "aggressive-indent": {
      "flake": false,
      "locked": {
        "lastModified": 1625178249,
        "narHash": "sha256-SpYsPLh3mhB005dMgCT+n/x3lTcMCniKdL0vSXRvm9Y=",
        "owner": "Malabarba",
        "repo": "aggressive-indent-mode",
        "rev": "cb416faf61c46977c06cf9d99525b04dc109a33c",
        "type": "github"
      },
      "original": {
        "owner": "Malabarba",
        "repo": "aggressive-indent-mode",
        "type": "github"
      }
    },
    "annalist": {
      "flake": false,
      "locked": {
        "lastModified": 1571577135,
        "narHash": "sha256-jLVWU3gLMSN+O9UYmdkDOwPblm7FXXXQsxKv0eCZuxk=",
        "owner": "noctuid",
        "repo": "annalist.el",
        "rev": "134fa3f0fb91a636a1c005c483516d4b64905a6d",
        "type": "github"
      },
      "original": {
        "owner": "noctuid",
        "repo": "annalist.el",
        "type": "github"
      }
    },
    "async": {
      "flake": false,
      "locked": {
        "lastModified": 1451290400,
        "narHash": "sha256-5nTkAnB6SOsFg9aXOxI5oON9RBByVO3Lq/vrmqHVgw4=",
        "owner": "jwiegley",
        "repo": "emacs-async",
        "rev": "1794ea4955c6eeb62471b232a2d4fd6a6925a2c9",
        "type": "github"
      },
      "original": {
        "owner": "jwiegley",
        "repo": "emacs-async",
        "type": "github"
      }
    },
    "auto-complete": {
      "flake": false,
      "locked": {
        "lastModified": 1655402793,
        "narHash": "sha256-/TeMOzj+026JwlUQZN+nsDwD3Zf3gJk13m+BEixxeg8=",
        "owner": "auto-complete",
        "repo": "auto-complete",
        "rev": "8f33bc4fecb653d48d70a4902078f9d493eb882f",
        "type": "github"
      },
      "original": {
        "owner": "auto-complete",
        "repo": "auto-complete",
        "type": "github"
      }
    },
    "avy": {
      "flake": false,
      "locked": {
        "lastModified": 1641110707,
        "narHash": "sha256-lGs7IFQvoskuRkEoN3N+rTJa3dQ/3WUL3Yj03bvMNV4=",
        "owner": "abo-abo",
        "repo": "avy",
        "rev": "ba5f035be33693d1a136a5cbeedb24327f551a92",
        "type": "github"
      },
      "original": {
        "owner": "abo-abo",
        "repo": "avy",
        "type": "github"
      }
    },
    "biblio": {
      "flake": false,
      "locked": {
        "lastModified": 1618718769,
        "narHash": "sha256-95dI9MZ7nZqxHKvLzX9TRlAPxQs5U4T7YFmEYaS/u1Q=",
        "owner": "cpitclaudel",
        "repo": "biblio.el",
        "rev": "517ec18f00f91b61481214b178f7ae0b8fbc499b",
        "type": "github"
      },
      "original": {
        "owner": "cpitclaudel",
        "repo": "biblio.el",
        "type": "github"
      }
    },
    "biblio-core": {
      "flake": false,
      "locked": {
        "lastModified": 1618718769,
        "narHash": "sha256-95dI9MZ7nZqxHKvLzX9TRlAPxQs5U4T7YFmEYaS/u1Q=",
        "owner": "cpitclaudel",
        "repo": "biblio.el",
        "rev": "517ec18f00f91b61481214b178f7ae0b8fbc499b",
        "type": "github"
      },
      "original": {
        "owner": "cpitclaudel",
        "repo": "biblio.el",
        "type": "github"
      }
    },
    "bibtex-completion": {
      "flake": false,
      "locked": {
        "lastModified": 1650094613,
        "narHash": "sha256-ehAzBJE/EVSym8E4+zQjgIodTJ2J1pQrXtcmN1Q/Y5U=",
        "owner": "tmalsburg",
        "repo": "helm-bibtex",
        "rev": "ce8c17690ddad73d01531084b282f221f8eb6669",
        "type": "github"
      },
      "original": {
        "owner": "tmalsburg",
        "repo": "helm-bibtex",
        "type": "github"
      }
    },
    "bind-key": {
      "flake": false,
      "locked": {
        "lastModified": 1656185839,
        "narHash": "sha256-nJcSaWcHAanGluVj4rhyHn3jY2i8O8TdpjLHSEgKT4Q=",
        "owner": "jwiegley",
        "repo": "use-package",
        "rev": "0ad5d9d5d8a61517a207ab04bf69e71c081149eb",
        "type": "github"
      },
      "original": {
        "owner": "jwiegley",
        "repo": "use-package",
        "type": "github"
      }
    },
    "button-lock": {
      "flake": false,
      "locked": {
        "lastModified": 1583760198,
        "narHash": "sha256-QnWYfLn9HUSBu7dCwhxVL4dB0V52qmh4xxmy3XUcCbU=",
        "owner": "rolandwalker",
        "repo": "button-lock",
        "rev": "9afe0f4d05910b0cccc94cb6d4d880119f3b0528",
        "type": "github"
      },
      "original": {
        "owner": "rolandwalker",
        "repo": "button-lock",
        "type": "github"
      }
    },
    "citeproc": {
      "flake": false,
      "locked": {
        "lastModified": 1658050964,
        "narHash": "sha256-NSe8wLMKSQkX30dRHfmCXrIJZGSZ8hSwZ65GdpPFfGY=",
        "owner": "andras-simonyi",
        "repo": "citeproc-el",
        "rev": "406bd9964f1ce531fc45beddcf9ccc44d3456129",
        "type": "github"
      },
      "original": {
        "owner": "andras-simonyi",
        "repo": "citeproc-el",
        "type": "github"
      }
    },
    "compat": {
      "flake": false,
      "locked": {
        "lastModified": 1659113422,
        "narHash": "sha256-wRHpE5rlbezR3N4aroimQTQ2Yaq3JAmZmblt+YHASDg=",
        "ref": "refs/heads/master",
        "rev": "a78b016a0401fb3b7226ab0e968b373495d94e15",
        "revCount": 385,
        "type": "git",
        "url": "https://git.sr.ht/~pkal/compat"
      },
      "original": {
        "type": "git",
        "url": "https://git.sr.ht/~pkal/compat"
      }
    },
    "concurrent": {
      "flake": false,
      "locked": {
        "lastModified": 1504272644,
        "narHash": "sha256-ceg2jMNRYsfRNfUDK9viBWlZSvGErPz0euC7eypN5W8=",
        "owner": "kiwanami",
        "repo": "emacs-deferred",
        "rev": "2239671d94b38d92e9b28d4e12fd79814cfb9c16",
        "type": "github"
      },
      "original": {
        "owner": "kiwanami",
        "repo": "emacs-deferred",
        "type": "github"
      }
    },
    "counsel": {
      "flake": false,
      "locked": {
        "lastModified": 1656267979,
        "narHash": "sha256-p8SgBPJzQaYDrmfOIKUBv6WYfG/8yTuQQ8CfZu1vYD4=",
        "owner": "abo-abo",
        "repo": "swiper",
        "rev": "2051de5882706246da298ce5f60482cd7f469fe7",
        "type": "github"
      },
      "original": {
        "owner": "abo-abo",
        "repo": "swiper",
        "type": "github"
      }
    },
    "counsel-projectile": {
      "flake": false,
      "locked": {
        "lastModified": 1648040471,
        "narHash": "sha256-7JQlctIi/1hjeMY/ImbMhQB6k2dRnxEqlpxToxMD9eE=",
        "owner": "ericdanan",
        "repo": "counsel-projectile",
        "rev": "40d1e1d4bb70acb00fddd6f4df9778bf2c52734b",
        "type": "github"
      },
      "original": {
        "owner": "ericdanan",
        "repo": "counsel-projectile",
        "type": "github"
      }
    },
    "ctable": {
      "flake": false,
      "locked": {
        "lastModified": 1611815394,
        "narHash": "sha256-ICspcB4E8UWNg7Ewp37mQU8Ie3CfP6DEJ0J3Qn7o2Zs=",
        "owner": "kiwanami",
        "repo": "emacs-ctable",
        "rev": "48b73742757a3ae5736d825fe49e00034cc453b5",
        "type": "github"
      },
      "original": {
        "owner": "kiwanami",
        "repo": "emacs-ctable",
        "type": "github"
      }
    },
    "dash": {
      "flake": false,
      "locked": {
        "lastModified": 1654716693,
        "narHash": "sha256-ggJV5lX2F5T4FajFX8h3hT7YPZ2F11HDDeV9va8bJVI=",
        "owner": "magnars",
        "repo": "dash.el",
        "rev": "0ac1ecf6b56eb67bb81a3cf70f8d4354b5782341",
        "type": "github"
      },
      "original": {
        "owner": "magnars",
        "repo": "dash.el",
        "type": "github"
      }
    },
    "dashboard": {
      "flake": false,
      "locked": {
        "lastModified": 1658048759,
        "narHash": "sha256-EEZghR2pJvmd+JbYajJKZLyjllWWi+ng/bJGGJmydWg=",
        "owner": "emacs-dashboard",
        "repo": "emacs-dashboard",
        "rev": "36c8da41bca977707c42bd9b13cdf39380b957d7",
        "type": "github"
      },
      "original": {
        "owner": "emacs-dashboard",
        "repo": "emacs-dashboard",
        "type": "github"
      }
    },
    "deferred": {
      "flake": false,
      "locked": {
        "lastModified": 1504272644,
        "narHash": "sha256-ceg2jMNRYsfRNfUDK9viBWlZSvGErPz0euC7eypN5W8=",
        "owner": "kiwanami",
        "repo": "emacs-deferred",
        "rev": "2239671d94b38d92e9b28d4e12fd79814cfb9c16",
        "type": "github"
      },
      "original": {
        "owner": "kiwanami",
        "repo": "emacs-deferred",
        "type": "github"
      }
    },
    "diminish": {
      "flake": false,
      "locked": {
        "lastModified": 1643374744,
        "narHash": "sha256-kFs3Ykxm5Q5/7otGlTg6kBqyv4kpkMWcupgt26sjJDU=",
        "owner": "myrjola",
        "repo": "diminish.el",
        "rev": "6b7e837b0cf0129e9d7d6abae48093cf599bb9e8",
        "type": "github"
      },
      "original": {
        "owner": "myrjola",
        "repo": "diminish.el",
        "type": "github"
      }
    },
    "direx": {
      "flake": false,
      "locked": {
        "lastModified": 1492867653,
        "narHash": "sha256-p5KdHsEgumjNaUE/AdS9Hi/E6jW3DDNI54oUnG2DiTo=",
        "owner": "emacsorphanage",
        "repo": "direx",
        "rev": "a79bfdb5980cf6ed7bfb3b41ddc471a7b6c0ede4",
        "type": "github"
      },
      "original": {
        "owner": "emacsorphanage",
        "repo": "direx",
        "type": "github"
      }
    },
    "drag-stuff": {
      "flake": false,
      "locked": {
        "lastModified": 1502911178,
        "narHash": "sha256-jeGQIL/on2++Wo9HFPUYbmupcv9wCtO/7AwUGSxCUrs=",
        "owner": "rejeep",
        "repo": "drag-stuff.el",
        "rev": "6d06d846cd37c052d79acd0f372c13006aa7e7c8",
        "type": "github"
      },
      "original": {
        "owner": "rejeep",
        "repo": "drag-stuff.el",
        "type": "github"
      }
    },
    "elfeed": {
      "flake": false,
      "locked": {
        "lastModified": 1629667758,
        "narHash": "sha256-zRRKPnkj4cBZbQXE4eloBaazPQejvn0DoCpHnpCgiWw=",
        "owner": "skeeto",
        "repo": "elfeed",
        "rev": "162d7d545ed41c27967d108c04aa31f5a61c8e16",
        "type": "github"
      },
      "original": {
        "owner": "skeeto",
        "repo": "elfeed",
        "type": "github"
      }
    },
    "emacsql": {
      "flake": false,
      "locked": {
        "lastModified": 1663326313,
        "narHash": "sha256-uHxP5v+Vsw91teIbWXweNo7IHeETYvX+Rr9Ob7eEnHo=",
        "owner": "magit",
        "repo": "emacsql",
        "rev": "6728a8649ae0209094c8c4b9e9f5786c004ab2ae",
        "type": "github"
      },
      "original": {
        "owner": "magit",
        "repo": "emacsql",
        "type": "github"
      }
    },
    "emacsql-sqlite": {
      "flake": false,
      "locked": {
        "lastModified": 1649434493,
        "narHash": "sha256-mkTCzBrq8ny40j//ZoNdZiH1rEZM08b9DkBcDGCQilw=",
        "owner": "skeeto",
        "repo": "emacsql",
        "rev": "373975cbccf7776af771e23f86043b236a330702",
        "type": "github"
      },
      "original": {
        "owner": "skeeto",
        "repo": "emacsql",
        "type": "github"
      }
    },
    "epc": {
      "flake": false,
      "locked": {
        "lastModified": 1504272819,
        "narHash": "sha256-oENk0FZhrqyjPVrNi3KOEvFPKMzdNKdjEsgRE5/M05Y=",
        "owner": "kiwanami",
        "repo": "emacs-epc",
        "rev": "e1bfa5ca163273859336e3cc89b4b6460f7f8cda",
        "type": "github"
      },
      "original": {
        "owner": "kiwanami",
        "repo": "emacs-epc",
        "type": "github"
      }
    },
    "epl": {
      "flake": false,
      "locked": {
        "lastModified": 1517863795,
        "narHash": "sha256-aCM8Cm1d6Bzxg0vT21m+NqwrxTCxROv6s1+1/1KnUU8=",
        "owner": "cask",
        "repo": "epl",
        "rev": "78ab7a85c08222cd15582a298a364774e3282ce6",
        "type": "github"
      },
      "original": {
        "owner": "cask",
        "repo": "epl",
        "type": "github"
      }
    },
    "ess": {
      "flake": false,
      "locked": {
        "lastModified": 1658921484,
        "narHash": "sha256-Yel6NcsgblGmTLaormP6ogWHxFMzBa6VjRtlNw6Ma7w=",
        "owner": "emacs-ess",
        "repo": "ESS",
        "rev": "b8167727d3c51f7adee6ebcad698ab566b68a55e",
        "type": "github"
      },
      "original": {
        "owner": "emacs-ess",
        "repo": "ESS",
        "type": "github"
      }
    },
    "ess-R-data-view": {
      "flake": false,
      "locked": {
        "lastModified": 1368100737,
        "narHash": "sha256-vQyk/cCMOQkbv37+ySH89vU5kVWrEF5vGC3PJ4pXQvk=",
        "owner": "myuhe",
        "repo": "ess-R-data-view.el",
        "rev": "d6e98d3ae1e2a2ea39a56eebcdb73e99d29562e9",
        "type": "github"
      },
      "original": {
        "owner": "myuhe",
        "repo": "ess-R-data-view.el",
        "type": "github"
      }
    },
    "ess-smart-equals": {
      "flake": false,
      "locked": {
        "lastModified": 1618147998,
        "narHash": "sha256-LVuKIc3b5ZqNtIMCbRxPhu7d69JVNPr7qD4MVTfc3s0=",
        "owner": "genovese",
        "repo": "ess-smart-equals",
        "rev": "fea9eea4b59c3e9559b379508e3500076ca99ef1",
        "type": "github"
      },
      "original": {
        "owner": "genovese",
        "repo": "ess-smart-equals",
        "type": "github"
      }
    },
    "ess-smart-underscore": {
      "flake": false,
      "locked": {
        "lastModified": 1552093262,
        "narHash": "sha256-K8XDCxXIp/wVJscGZjtsMgfR/CzeMa5Q26AKtd0ny04=",
        "owner": "mattfidler",
        "repo": "ess-smart-underscore.el",
        "rev": "aa871c5b0448515db439ea9bed6a8574e82ddb47",
        "type": "github"
      },
      "original": {
        "owner": "mattfidler",
        "repo": "ess-smart-underscore.el",
        "type": "github"
      }
    },
    "esup": {
      "flake": false,
      "locked": {
        "lastModified": 1643844918,
        "narHash": "sha256-5JxF7HSJrtqz8B2LdZY38EpNVb/hOQUSBf1dfJLo0f8=",
        "owner": "jschaf",
        "repo": "esup",
        "rev": "4b49c8d599d4cc0fbf994e9e54a9c78e5ab62a5f",
        "type": "github"
      },
      "original": {
        "owner": "jschaf",
        "repo": "esup",
        "type": "github"
      }
    },
    "evil": {
      "flake": false,
      "locked": {
        "lastModified": 1658740137,
        "narHash": "sha256-BrplwKsZ5RoihiUhH4val0Yw+6HzjvZhnlZHHlSAhMs=",
        "owner": "emacs-evil",
        "repo": "evil",
        "rev": "5826a8877736fc734ea9da7d2bba11ef2b05032c",
        "type": "github"
      },
      "original": {
        "owner": "emacs-evil",
        "repo": "evil",
        "type": "github"
      }
    },
    "evil-collection": {
      "flake": false,
      "locked": {
        "lastModified": 1659196926,
        "narHash": "sha256-bIfMa4Z8PQ3sQgq0PKTC9nTne4bNSNqUrwtXXr0ySgU=",
        "owner": "emacs-evil",
        "repo": "evil-collection",
        "rev": "8cb38434801b5e364abc1e160021c6f1d1a0a006",
        "type": "github"
      },
      "original": {
        "owner": "emacs-evil",
        "repo": "evil-collection",
        "type": "github"
      }
    },
    "f": {
      "flake": false,
      "locked": {
        "lastModified": 1654681435,
        "narHash": "sha256-3p3uHkXwDEZR5MVSnMWnn4WxoHjmCUvzF0vxn8I1tG4=",
        "owner": "rejeep",
        "repo": "f.el",
        "rev": "d2019d4f9625bcc44349c69fe46d6645fd9ff4ff",
        "type": "github"
      },
      "original": {
        "owner": "rejeep",
        "repo": "f.el",
        "type": "github"
      }
    },
    "flx": {
      "flake": false,
      "locked": {
        "lastModified": 1635731185,
        "narHash": "sha256-iFgGev34AK0o/XgIbSgmaZaJVmT7eWSmB0lXY99A+mk=",
        "owner": "lewang",
        "repo": "flx",
        "rev": "e3b3f0533e44c5250ce73d728b59a7e96c692b5d",
        "type": "github"
      },
      "original": {
        "owner": "lewang",
        "repo": "flx",
        "type": "github"
      }
    },
    "flycheck": {
      "flake": false,
      "locked": {
        "lastModified": 1659091197,
        "narHash": "sha256-ca/zvgU1JR4CqOzK+ihWT7fQW3FWxILXFZjNGHk3B+Y=",
        "owner": "flycheck",
        "repo": "flycheck",
        "rev": "8541a61053bba1f2f31d0791e597cd3c78a21456",
        "type": "github"
      },
      "original": {
        "owner": "flycheck",
        "repo": "flycheck",
        "type": "github"
      }
    },
    "flyspell-correct": {
      "flake": false,
      "locked": {
        "lastModified": 1653028215,
        "narHash": "sha256-ta6MMC2UaVaWTJvS/klogIc8n3aGb1dHCy29XiUf0Kw=",
        "owner": "d12frosted",
        "repo": "flyspell-correct",
        "rev": "7d7b6b01188bd28e20a13736ac9f36c3367bd16e",
        "type": "github"
      },
      "original": {
        "owner": "d12frosted",
        "repo": "flyspell-correct",
        "type": "github"
      }
    },
    "flyspell-correct-ivy": {
      "flake": false,
      "locked": {
        "lastModified": 1653028215,
        "narHash": "sha256-ta6MMC2UaVaWTJvS/klogIc8n3aGb1dHCy29XiUf0Kw=",
        "owner": "d12frosted",
        "repo": "flyspell-correct",
        "rev": "7d7b6b01188bd28e20a13736ac9f36c3367bd16e",
        "type": "github"
      },
      "original": {
        "owner": "d12frosted",
        "repo": "flyspell-correct",
        "type": "github"
      }
    },
    "general": {
      "flake": false,
      "locked": {
        "lastModified": 1638494436,
        "narHash": "sha256-2g9bp05OCOAOiVKL6FdV66EG+yfKrDUJfIiAOhVq7gc=",
        "owner": "noctuid",
        "repo": "general.el",
        "rev": "9651024e7f40a8ac5c3f31f8675d3ebe2b667344",
        "type": "github"
      },
      "original": {
        "owner": "noctuid",
        "repo": "general.el",
        "type": "github"
      }
    },
    "ggtags": {
      "flake": false,
      "locked": {
        "lastModified": 1652249420,
        "narHash": "sha256-GIB/pubDCpR7x0KDd7MGDnYqMpFGSEFbFAAu9Y2Km3k=",
        "owner": "leoliu",
        "repo": "ggtags",
        "rev": "40635a1effd3a9c2adef63c4760010c9468a7a4d",
        "type": "github"
      },
      "original": {
        "owner": "leoliu",
        "repo": "ggtags",
        "type": "github"
      }
    },
    "git-commit": {
      "flake": false,
      "locked": {
        "lastModified": 1658508518,
        "narHash": "sha256-vWaYzj5knV49Oe1c/8mFkmDzACsPUDVKQyQ0ERD3vR0=",
        "owner": "magit",
        "repo": "magit",
        "rev": "765069add98d64f4ef4961a0aa4b2aa82efb2156",
        "type": "github"
      },
      "original": {
        "owner": "magit",
        "repo": "magit",
        "type": "github"
      }
    },
    "git-messenger": {
      "flake": false,
      "locked": {
        "lastModified": 1633300813,
        "narHash": "sha256-l93SRB4xyR3ca//B+xol8sKsS8lmRtRrQT/JTGoc3rk=",
        "owner": "emacsorphanage",
        "repo": "git-messenger",
        "rev": "eade986ef529aa2dac6944ad61b18de55cee0b76",
        "type": "github"
      },
      "original": {
        "owner": "emacsorphanage",
        "repo": "git-messenger",
        "type": "github"
      }
    },
    "google-this": {
      "flake": false,
      "locked": {
        "lastModified": 1502367304,
        "narHash": "sha256-FCr+1bc5IcVRq4demqSQmdtUm8jnXvBArFwhnsBQebU=",
        "owner": "Malabarba",
        "repo": "emacs-google-this",
        "rev": "8a2e3ca5da6a8c89bfe99a21486c6c7db125dc84",
        "type": "github"
      },
      "original": {
        "owner": "Malabarba",
        "repo": "emacs-google-this",
        "type": "github"
      }
    },
    "goto-chg": {
      "flake": false,
      "locked": {
        "lastModified": 1641576820,
        "narHash": "sha256-u5qhElDZkypuOAXA97nd8jxwJ2Zqx83RaatYYhX87WU=",
        "owner": "emacs-evil",
        "repo": "goto-chg",
        "rev": "278cd3e6d5107693aa2bb33189ca503f22f227d0",
        "type": "github"
      },
      "original": {
        "owner": "emacs-evil",
        "repo": "goto-chg",
        "type": "github"
      }
    },
    "helm": {
      "flake": false,
      "locked": {
        "lastModified": 1659270320,
        "narHash": "sha256-1rDa+YTpX0Ufp5qUrPfXbaCTbGegjdkA2bVqBTHC2VQ=",
        "owner": "emacs-helm",
        "repo": "helm",
        "rev": "d7e7075c3cd72e8ffc59f0a68baa58e34a321b52",
        "type": "github"
      },
      "original": {
        "owner": "emacs-helm",
        "repo": "helm",
        "type": "github"
      }
    },
    "helm-bibtex": {
      "flake": false,
      "locked": {
        "lastModified": 1650094613,
        "narHash": "sha256-ehAzBJE/EVSym8E4+zQjgIodTJ2J1pQrXtcmN1Q/Y5U=",
        "owner": "tmalsburg",
        "repo": "helm-bibtex",
        "rev": "ce8c17690ddad73d01531084b282f221f8eb6669",
        "type": "github"
      },
      "original": {
        "owner": "tmalsburg",
        "repo": "helm-bibtex",
        "type": "github"
      }
    },
    "helm-core": {
      "flake": false,
      "locked": {
        "lastModified": 1659270320,
        "narHash": "sha256-1rDa+YTpX0Ufp5qUrPfXbaCTbGegjdkA2bVqBTHC2VQ=",
        "owner": "emacs-helm",
        "repo": "helm",
        "rev": "d7e7075c3cd72e8ffc59f0a68baa58e34a321b52",
        "type": "github"
      },
      "original": {
        "owner": "emacs-helm",
        "repo": "helm",
        "type": "github"
      }
    },
    "ht": {
      "flake": false,
      "locked": {
        "lastModified": 1611042085,
        "narHash": "sha256-sQzGkMq7KOZXJYL0mp8Kn/2vmqsUep1ZtimcnH/Rd8Q=",
        "owner": "Wilfred",
        "repo": "ht.el",
        "rev": "c4c1be487d6ecb353d07881526db05d7fc90ea87",
        "type": "github"
      },
      "original": {
        "owner": "Wilfred",
        "repo": "ht.el",
        "type": "github"
      }
    },
    "htmlize": {
      "flake": false,
      "locked": {
        "lastModified": 1629928238,
        "narHash": "sha256-jpDKkFw7sOnvStSmNCq/7oDI7kyjr7jNT79hlvDV808=",
        "owner": "hniksic",
        "repo": "emacs-htmlize",
        "rev": "dd27bc3f26efd728f2b1f01f9e4ac4f61f2ffbf9",
        "type": "github"
      },
      "original": {
        "owner": "hniksic",
        "repo": "emacs-htmlize",
        "type": "github"
      }
    },
    "hy-mode": {
      "flake": false,
      "locked": {
        "lastModified": 1634415091,
        "narHash": "sha256-4DqyLYzr1cugw3RtP2A0hh8qKwpRRcR3EZtPQgWMW6k=",
        "owner": "hylang",
        "repo": "hy-mode",
        "rev": "df814865a1faa8414dacdbb35b2a9029995312ec",
        "type": "github"
      },
      "original": {
        "owner": "hylang",
        "repo": "hy-mode",
        "type": "github"
      }
    },
    "hydra": {
      "flake": false,
      "locked": {
        "lastModified": 1641110604,
        "narHash": "sha256-AE3l5N0irSunycinznvthqjSG49sequndSY+lECFtIc=",
        "owner": "abo-abo",
        "repo": "hydra",
        "rev": "9e9e00cb240ea1903ffd36a54956b3902c379d29",
        "type": "github"
      },
      "original": {
        "owner": "abo-abo",
        "repo": "hydra",
        "type": "github"
      }
    },
    "ibuffer-projectile": {
      "flake": false,
      "locked": {
        "lastModified": 1596607442,
        "narHash": "sha256-uKt6Ja/iORK41Nm5O/4KAk2NuQVkr2ED1j67+oPOij0=",
        "owner": "purcell",
        "repo": "ibuffer-projectile",
        "rev": "ecbe482804a217b1471593f6c7a8b3d64f3cdc47",
        "type": "github"
      },
      "original": {
        "owner": "purcell",
        "repo": "ibuffer-projectile",
        "type": "github"
      }
    },
    "iedit": {
      "flake": false,
      "locked": {
        "lastModified": 1644997811,
        "narHash": "sha256-MH4PVhyNdzcYV+ZVDXGLt8biAHpO6G15OpCkmngq5h8=",
        "owner": "victorhge",
        "repo": "iedit",
        "rev": "27c61866b1b9b8d77629ac702e5f48e67dfe0d3b",
        "type": "github"
      },
      "original": {
        "owner": "victorhge",
        "repo": "iedit",
        "type": "github"
      }
    },
    "ivy": {
      "flake": false,
      "locked": {
        "lastModified": 1656267979,
        "narHash": "sha256-p8SgBPJzQaYDrmfOIKUBv6WYfG/8yTuQQ8CfZu1vYD4=",
        "owner": "abo-abo",
        "repo": "swiper",
        "rev": "2051de5882706246da298ce5f60482cd7f469fe7",
        "type": "github"
      },
      "original": {
        "owner": "abo-abo",
        "repo": "swiper",
        "type": "github"
      }
    },
    "ivy-avy": {
      "flake": false,
      "locked": {
        "lastModified": 1656267979,
        "narHash": "sha256-p8SgBPJzQaYDrmfOIKUBv6WYfG/8yTuQQ8CfZu1vYD4=",
        "owner": "abo-abo",
        "repo": "swiper",
        "rev": "2051de5882706246da298ce5f60482cd7f469fe7",
        "type": "github"
      },
      "original": {
        "owner": "abo-abo",
        "repo": "swiper",
        "type": "github"
      }
    },
    "ivy-bibtex": {
      "flake": false,
      "locked": {
        "lastModified": 1650094613,
        "narHash": "sha256-ehAzBJE/EVSym8E4+zQjgIodTJ2J1pQrXtcmN1Q/Y5U=",
        "owner": "tmalsburg",
        "repo": "helm-bibtex",
        "rev": "ce8c17690ddad73d01531084b282f221f8eb6669",
        "type": "github"
      },
      "original": {
        "owner": "tmalsburg",
        "repo": "helm-bibtex",
        "type": "github"
      }
    },
    "ivy-hydra": {
      "flake": false,
      "locked": {
        "lastModified": 1656267979,
        "narHash": "sha256-p8SgBPJzQaYDrmfOIKUBv6WYfG/8yTuQQ8CfZu1vYD4=",
        "owner": "abo-abo",
        "repo": "swiper",
        "rev": "2051de5882706246da298ce5f60482cd7f469fe7",
        "type": "github"
      },
      "original": {
        "owner": "abo-abo",
        "repo": "swiper",
        "type": "github"
      }
    },
    "ivy-xref": {
      "flake": false,
      "locked": {
        "lastModified": 1633691021,
        "narHash": "sha256-Utm9eyoPwrX2TV0+FDCbEoipH6zi0+zmMPXnhx20jEA=",
        "owner": "alexmurray",
        "repo": "ivy-xref",
        "rev": "a82e8e117d2dd62c28b6a3e3d6e4cfb11c0bda38",
        "type": "github"
      },
      "original": {
        "owner": "alexmurray",
        "repo": "ivy-xref",
        "type": "github"
      }
    },
    "ivy-yasnippet": {
      "flake": false,
      "locked": {
        "lastModified": 1593846057,
        "narHash": "sha256-cfQWI2qFPwupBjMhGGHXNyEnFNcek47+x4GoDcdcRB0=",
        "owner": "mkcms",
        "repo": "ivy-yasnippet",
        "rev": "83402d91b4eba5307f71884a72df8e11cc6a994e",
        "type": "github"
      },
      "original": {
        "owner": "mkcms",
        "repo": "ivy-yasnippet",
        "type": "github"
      }
    },
    "jedi": {
      "flake": false,
      "locked": {
        "lastModified": 1649600662,
        "narHash": "sha256-WZ2wRFxwRvqJf3vu6E4RUXMnwlQsbmvJgc/0twT15l0=",
        "owner": "tkf",
        "repo": "emacs-jedi",
        "rev": "81c5a42b83f3a3c9d062b487f48009def11310f8",
        "type": "github"
      },
      "original": {
        "owner": "tkf",
        "repo": "emacs-jedi",
        "type": "github"
      }
    },
    "jedi-core": {
      "flake": false,
      "locked": {
        "lastModified": 1649600662,
        "narHash": "sha256-WZ2wRFxwRvqJf3vu6E4RUXMnwlQsbmvJgc/0twT15l0=",
        "owner": "tkf",
        "repo": "emacs-jedi",
        "rev": "81c5a42b83f3a3c9d062b487f48009def11310f8",
        "type": "github"
      },
      "original": {
        "owner": "tkf",
        "repo": "emacs-jedi",
        "type": "github"
      }
    },
    "jedi-direx": {
      "flake": false,
      "locked": {
        "lastModified": 1394444166,
        "narHash": "sha256-V7GOYwzOmxnQm72hCWusazkr9huP2+P3zU+Vz+0u8d0=",
        "owner": "tkf",
        "repo": "emacs-jedi-direx",
        "rev": "7a2e677400717ed12b959cb5988e7b3fb1c12117",
        "type": "github"
      },
      "original": {
        "owner": "tkf",
        "repo": "emacs-jedi-direx",
        "type": "github"
      }
    },
    "lispy": {
      "flake": false,
      "locked": {
        "lastModified": 1653589932,
        "narHash": "sha256-KvyNRzPL9T1uMfHYALdIcy8PWT1nhi44p9kGdSkmrmg=",
        "owner": "abo-abo",
        "repo": "lispy",
        "rev": "dbab5899f26fa2ee27f5c2e8b32c20f2f69242fb",
        "type": "github"
      },
      "original": {
        "owner": "abo-abo",
        "repo": "lispy",
        "type": "github"
      }
    },
    "lv": {
      "flake": false,
      "locked": {
        "lastModified": 1641110604,
        "narHash": "sha256-AE3l5N0irSunycinznvthqjSG49sequndSY+lECFtIc=",
        "owner": "abo-abo",
        "repo": "hydra",
        "rev": "9e9e00cb240ea1903ffd36a54956b3902c379d29",
        "type": "github"
      },
      "original": {
        "owner": "abo-abo",
        "repo": "hydra",
        "type": "github"
      }
    },
    "magit": {
      "flake": false,
      "locked": {
        "lastModified": 1658508518,
        "narHash": "sha256-vWaYzj5knV49Oe1c/8mFkmDzACsPUDVKQyQ0ERD3vR0=",
        "owner": "magit",
        "repo": "magit",
        "rev": "765069add98d64f4ef4961a0aa4b2aa82efb2156",
        "type": "github"
      },
      "original": {
        "owner": "magit",
        "repo": "magit",
        "type": "github"
      }
    },
    "magit-section": {
      "flake": false,
      "locked": {
        "lastModified": 1658508518,
        "narHash": "sha256-vWaYzj5knV49Oe1c/8mFkmDzACsPUDVKQyQ0ERD3vR0=",
        "owner": "magit",
        "repo": "magit",
        "rev": "765069add98d64f4ef4961a0aa4b2aa82efb2156",
        "type": "github"
      },
      "original": {
        "owner": "magit",
        "repo": "magit",
        "type": "github"
      }
    },
    "multiple-cursors": {
      "flake": false,
      "locked": {
        "lastModified": 1655155370,
        "narHash": "sha256-QfwEkYto8d9wzmjSHUpWRn8XKOueMrJ6uzzMGD8qCUg=",
        "owner": "magnars",
        "repo": "multiple-cursors.el",
        "rev": "225fc0e889e094bfd2913cfd448084cb49211ac6",
        "type": "github"
      },
      "original": {
        "owner": "magnars",
        "repo": "multiple-cursors.el",
        "type": "github"
      }
    },
    "mustache": {
      "flake": false,
      "locked": {
        "lastModified": 1614150639,
        "narHash": "sha256-JM8UnLkBu364dAdOPdbq+b9v4Gn6EGI4Mt4EYM64Auc=",
        "owner": "Wilfred",
        "repo": "mustache.el",
        "rev": "6fcb31f5075edc5fc70c63426b2aef91352ca80f",
        "type": "github"
      },
      "original": {
        "owner": "Wilfred",
        "repo": "mustache.el",
        "type": "github"
      }
    },
    "org-mime": {
      "flake": false,
      "locked": {
        "lastModified": 1520311875,
        "narHash": "sha256-55zWhgQ4IdtROgyrSIPfaUu8ZO/JAcNPhAPOa7nR018=",
        "owner": "jkitchin",
        "repo": "org-mime",
        "rev": "9bbf2faaddb7069bba0d3dc9134c3edd1705c834",
        "type": "github"
      },
      "original": {
        "owner": "jkitchin",
        "ref": "file-eqns",
        "repo": "org-mime",
        "type": "github"
      }
    },
    "org-ql": {
      "flake": false,
      "locked": {
        "lastModified": 1658169865,
        "narHash": "sha256-1d1fu9IYmtjrp1z+uDlB6o+K2Q+FNBZlXR2BCxPnw2I=",
        "owner": "alphapapa",
        "repo": "org-ql",
        "rev": "06f1e1be6ff5ef7e2c8c05dc1954bcedcbb6eb0b",
        "type": "github"
      },
      "original": {
        "owner": "alphapapa",
        "repo": "org-ql",
        "type": "github"
      }
    },
    "org-ref": {
      "flake": false,
      "locked": {
        "lastModified": 1657886526,
        "narHash": "sha256-JYrUa4ZD9YsTunA5CGpGJ8AGLXQ7rMacZl0oVmkJ4g8=",
        "owner": "jkitchin",
        "repo": "org-ref",
        "rev": "ebe3bb6f58350ac10da73e583d3ad1078f0690e2",
        "type": "github"
      },
      "original": {
        "owner": "jkitchin",
        "repo": "org-ref",
        "type": "github"
      }
    },
    "org-super-agenda": {
      "flake": false,
      "locked": {
        "lastModified": 1646180562,
        "narHash": "sha256-oXpwzGpEFvmnx+yy09HtWGZaLiwQIyhOYj/6NcCXU5w=",
        "owner": "alphapapa",
        "repo": "org-super-agenda",
        "rev": "3108bc3f725818f0e868520d2c243abe9acbef4e",
        "type": "github"
      },
      "original": {
        "owner": "alphapapa",
        "repo": "org-super-agenda",
        "type": "github"
      }
    },
    "ov": {
      "flake": false,
      "locked": {
        "lastModified": 1585219320,
        "narHash": "sha256-nt2yM+eMtVPlQIZlnHqEOvG8NKtFAv6VHOG4/bQkebw=",
        "owner": "emacsorphanage",
        "repo": "ov",
        "rev": "c5b9aa4e1b00d702eb2caedd61c69a22a5fa1fab",
        "type": "github"
      },
      "original": {
        "owner": "emacsorphanage",
        "repo": "ov",
        "type": "github"
      }
    },
    "ox-clip": {
      "flake": false,
      "locked": {
        "lastModified": 1642446546,
        "narHash": "sha256-y2+DFBIsg1BU+smjbe5pREEdGetK4vqAUy/MEku9jlM=",
        "owner": "jkitchin",
        "repo": "ox-clip",
        "rev": "ff117cf3c619eef12eccc0ccbfa3f11adb73ea68",
        "type": "github"
      },
      "original": {
        "owner": "jkitchin",
        "repo": "ox-clip",
        "type": "github"
      }
    },
    "ox-pandoc": {
      "flake": false,
      "locked": {
        "lastModified": 1657017454,
        "narHash": "sha256-cFQq6X/JXsnQ6/dbDOHKRrX25pPyMDJltLbc//Ou5j4=",
        "owner": "emacsorphanage",
        "repo": "ox-pandoc",
        "rev": "f8eac5e5692fc44a4724ada43191e7c28a1ccf30",
        "type": "github"
      },
      "original": {
        "owner": "emacsorphanage",
        "repo": "ox-pandoc",
        "type": "github"
      }
    },
    "parsebib": {
      "flake": false,
      "locked": {
        "lastModified": 1659224486,
        "narHash": "sha256-7euy1cvGJEXBQX+XQRIuz7xfwngJHgw97AmvYppZRDU=",
        "owner": "joostkremers",
        "repo": "parsebib",
        "rev": "ca7f5fcbbdfb38e84fd1740e14dad32a7081c69e",
        "type": "github"
      },
      "original": {
        "owner": "joostkremers",
        "repo": "parsebib",
        "type": "github"
      }
    },
    "pdf-tools": {
      "flake": false,
      "locked": {
        "lastModified": 1658618946,
        "narHash": "sha256-vL5l08RqPgcvLecBdV2xppUUX7aMU8/3RVYg3rWRysg=",
        "owner": "vedang",
        "repo": "pdf-tools",
        "rev": "bb0b71f5bafd81d0b5647c4ec48fafa0bb6f6c21",
        "type": "github"
      },
      "original": {
        "owner": "vedang",
        "repo": "pdf-tools",
        "type": "github"
      }
    },
    "pkg-info": {
      "flake": false,
      "locked": {
        "lastModified": 1473693102,
        "narHash": "sha256-uCfzXJG7G937zsyYVCdHE+gnX5ocCiaLhoyVZLaGHZQ=",
        "owner": "emacsorphanage",
        "repo": "pkg-info",
        "rev": "76ba7415480687d05a4353b27fea2ae02b8d9d61",
        "type": "github"
      },
      "original": {
        "owner": "emacsorphanage",
        "repo": "pkg-info",
        "type": "github"
      }
    },
    "polymode": {
      "flake": false,
      "locked": {
        "lastModified": 1647937476,
        "narHash": "sha256-mmN8iYrGOVfv3kz2dmu8hBreQk6Qx1R7JBezgPg27zk=",
        "owner": "polymode",
        "repo": "polymode",
        "rev": "2094c92403fe395dfb2b8b2521da1012a966e9ab",
        "type": "github"
      },
      "original": {
        "owner": "polymode",
        "repo": "polymode",
        "type": "github"
      }
    },
    "popup": {
      "flake": false,
      "locked": {
        "lastModified": 1655402877,
        "narHash": "sha256-aONVkKb9CVWvsLoQ8LIPNmJZ+6+a1oq+6DBrLrlDfK8=",
        "owner": "auto-complete",
        "repo": "popup-el",
        "rev": "c65905aa1a3ac32d1dbc8c1060605621e6143f80",
        "type": "github"
      },
      "original": {
        "owner": "auto-complete",
        "repo": "popup-el",
        "type": "github"
      }
    },
    "pretty-hydra": {
      "flake": false,
      "locked": {
        "lastModified": 1613896470,
        "narHash": "sha256-BeYSQLYIQe0IugW924944a7QpVToXa0lLUi4hX3rifs=",
        "owner": "jerrypnz",
        "repo": "major-mode-hydra.el",
        "rev": "84c1929a5153be169ca5c36737439d51dffde505",
        "type": "github"
      },
      "original": {
        "owner": "jerrypnz",
        "repo": "major-mode-hydra.el",
        "type": "github"
      }
    },
    "projectile": {
      "flake": false,
      "locked": {
        "lastModified": 1658205974,
        "narHash": "sha256-tI9iCDDhjE7hOu7A7OmesGorGKqbj4wjvs2SmzgwBlw=",
        "owner": "bbatsov",
        "repo": "projectile",
        "rev": "dc6e7ff658789e4c6cf7c32a4b4fdf22ef9bc5a3",
        "type": "github"
      },
      "original": {
        "owner": "bbatsov",
        "repo": "projectile",
        "type": "github"
      }
    },
    "pydoc": {
      "flake": false,
      "locked": {
        "lastModified": 1654009056,
        "narHash": "sha256-VU0lDhMKmwkHxn1RBLelHZ382z6ouDqMUnY2JHjJSiA=",
        "owner": "statmobile",
        "repo": "pydoc",
        "rev": "c8b667e17bfe3e63221f822c5c4d58c8fb4fea90",
        "type": "github"
      },
      "original": {
        "owner": "statmobile",
        "repo": "pydoc",
        "type": "github"
      }
    },
    "python-environment": {
      "flake": false,
      "locked": {
        "lastModified": 1425977586,
        "narHash": "sha256-U1MyalO8wPBHzvEH/Pn2/qApmfPPrn+twbGbbNOKy2A=",
        "owner": "tkf",
        "repo": "emacs-python-environment",
        "rev": "401006584e32864a10c69d29f14414828909362e",
        "type": "github"
      },
      "original": {
        "owner": "tkf",
        "repo": "emacs-python-environment",
        "type": "github"
      }
    },
    "queue": {
      "flake": false,
      "locked": {
        "lastModified": 1435143947,
        "narHash": "sha256-ePELBeb7/Ta/zS7sNNaGPmASNAp9UKUX8ZBaxDKU1Cg=",
        "owner": "dmgerman",
        "repo": "predictive",
        "rev": "3019c7cb4195f42b20fbc28af5be5b0ca06bd03c",
        "type": "github"
      },
      "original": {
        "owner": "dmgerman",
        "repo": "predictive",
        "type": "github"
      }
    },
    "rich-minority": {
      "flake": false,
      "locked": {
        "lastModified": 1555673780,
        "narHash": "sha256-Z4MLuyr8IwgmWjyyUNRov7DJfeSZV0spvLhcSr+iJVs=",
        "owner": "Malabarba",
        "repo": "rich-minority",
        "rev": "a03e693f6f9232cf75363aaaf1cb041f21675c19",
        "type": "github"
      },
      "original": {
        "owner": "Malabarba",
        "repo": "rich-minority",
        "type": "github"
      }
    },
    "root": {
      "inputs": {
        "ace-window": "ace-window",
        "aggressive-indent": "aggressive-indent",
        "annalist": "annalist",
        "async": "async",
        "auto-complete": "auto-complete",
        "avy": "avy",
        "biblio": "biblio",
        "biblio-core": "biblio-core",
        "bibtex-completion": "bibtex-completion",
        "bind-key": "bind-key",
        "button-lock": "button-lock",
        "citeproc": "citeproc",
        "compat": "compat",
        "concurrent": "concurrent",
        "counsel": "counsel",
        "counsel-projectile": "counsel-projectile",
        "ctable": "ctable",
        "dash": "dash",
        "dashboard": "dashboard",
        "deferred": "deferred",
        "diminish": "diminish",
        "direx": "direx",
        "drag-stuff": "drag-stuff",
        "elfeed": "elfeed",
        "emacsql": "emacsql",
        "emacsql-sqlite": "emacsql-sqlite",
        "epc": "epc",
        "epl": "epl",
        "ess": "ess",
        "ess-R-data-view": "ess-R-data-view",
        "ess-smart-equals": "ess-smart-equals",
        "ess-smart-underscore": "ess-smart-underscore",
        "esup": "esup",
        "evil": "evil",
        "evil-collection": "evil-collection",
        "f": "f",
        "flx": "flx",
        "flycheck": "flycheck",
        "flyspell-correct": "flyspell-correct",
        "flyspell-correct-ivy": "flyspell-correct-ivy",
        "general": "general",
        "ggtags": "ggtags",
        "git-commit": "git-commit",
        "git-messenger": "git-messenger",
        "google-this": "google-this",
        "goto-chg": "goto-chg",
        "helm": "helm",
        "helm-bibtex": "helm-bibtex",
        "helm-core": "helm-core",
        "ht": "ht",
        "htmlize": "htmlize",
        "hy-mode": "hy-mode",
        "hydra": "hydra",
        "ibuffer-projectile": "ibuffer-projectile",
        "iedit": "iedit",
        "ivy": "ivy",
        "ivy-avy": "ivy-avy",
        "ivy-bibtex": "ivy-bibtex",
        "ivy-hydra": "ivy-hydra",
        "ivy-xref": "ivy-xref",
        "ivy-yasnippet": "ivy-yasnippet",
        "jedi": "jedi",
        "jedi-core": "jedi-core",
        "jedi-direx": "jedi-direx",
        "lispy": "lispy",
        "lv": "lv",
        "magit": "magit",
        "magit-section": "magit-section",
        "multiple-cursors": "multiple-cursors",
        "mustache": "mustache",
        "org-mime": "org-mime",
        "org-ql": "org-ql",
        "org-ref": "org-ref",
        "org-super-agenda": "org-super-agenda",
        "ov": "ov",
        "ox-clip": "ox-clip",
        "ox-pandoc": "ox-pandoc",
        "parsebib": "parsebib",
        "pdf-tools": "pdf-tools",
        "pkg-info": "pkg-info",
        "polymode": "polymode",
        "popup": "popup",
        "pretty-hydra": "pretty-hydra",
        "projectile": "projectile",
        "pydoc": "pydoc",
        "python-environment": "python-environment",
        "queue": "queue",
        "rich-minority": "rich-minority",
        "s": "s",
        "smart-mode-line": "smart-mode-line",
        "smex": "smex",
        "string-inflection": "string-inflection",
        "swiper": "swiper",
        "tablist": "tablist",
        "ts": "ts",
        "undo-tree": "undo-tree",
        "use-package": "use-package",
        "with-editor": "with-editor",
        "ws-butler": "ws-butler",
        "yasnippet": "yasnippet",
        "zoutline": "zoutline"
      }
    },
    "s": {
      "flake": false,
      "locked": {
        "lastModified": 1623824393,
        "narHash": "sha256-F0BrAlsxBskNzkyHriG3yNY+PZ7npYi1x98Ci5yVDAo=",
        "owner": "magnars",
        "repo": "s.el",
        "rev": "08661efb075d1c6b4fa812184c1e5e90c08795a9",
        "type": "github"
      },
      "original": {
        "owner": "magnars",
        "repo": "s.el",
        "type": "github"
      }
    },
    "smart-mode-line": {
      "flake": false,
      "locked": {
        "lastModified": 1633401181,
        "narHash": "sha256-gvbO7O6ccLRj7KjW5Pmu6PwDqde1vHs5VhfW/DItvMA=",
        "owner": "Malabarba",
        "repo": "smart-mode-line",
        "rev": "abcb0ab6f7110a03d6c7428bae67cf8731496433",
        "type": "github"
      },
      "original": {
        "owner": "Malabarba",
        "repo": "smart-mode-line",
        "type": "github"
      }
    },
    "smex": {
      "flake": false,
      "locked": {
        "lastModified": 1449958174,
        "narHash": "sha256-RlTnyH6PuV0ie1MlT7rVNL5y7mXJBBjlbcofPtidK3c=",
        "owner": "nonsequitur",
        "repo": "smex",
        "rev": "55aaebe3d793c2c990b39a302eb26c184281c42c",
        "type": "github"
      },
      "original": {
        "owner": "nonsequitur",
        "repo": "smex",
        "type": "github"
      }
    },
    "string-inflection": {
      "flake": false,
      "locked": {
        "lastModified": 1631938753,
        "narHash": "sha256-Ul1ygiEIXbGzOAyUhhFCzVlm25QxHJL0WCO+ssfNU3M=",
        "owner": "akicho8",
        "repo": "string-inflection",
        "rev": "fd7926ac17293e9124b31f706a4e8f38f6a9b855",
        "type": "github"
      },
      "original": {
        "owner": "akicho8",
        "repo": "string-inflection",
        "type": "github"
      }
    },
    "swiper": {
      "flake": false,
      "locked": {
        "lastModified": 1656267979,
        "narHash": "sha256-p8SgBPJzQaYDrmfOIKUBv6WYfG/8yTuQQ8CfZu1vYD4=",
        "owner": "abo-abo",
        "repo": "swiper",
        "rev": "2051de5882706246da298ce5f60482cd7f469fe7",
        "type": "github"
      },
      "original": {
        "owner": "abo-abo",
        "repo": "swiper",
        "type": "github"
      }
    },
    "tablist": {
      "flake": false,
      "locked": {
        "lastModified": 1588025158,
        "narHash": "sha256-/xF2bgnPZ7YsrTV5+nT44bgoZAficNDtXfGbJss+F9s=",
        "owner": "politza",
        "repo": "tablist",
        "rev": "faab7a035ef2258cc4ea2182f67e3aedab7e2af9",
        "type": "github"
      },
      "original": {
        "owner": "politza",
        "repo": "tablist",
        "type": "github"
      }
    },
    "ts": {
      "flake": false,
      "locked": {
        "lastModified": 1628871468,
        "narHash": "sha256-UdzBCdRVn78nuyeePD2kLBcAyYqrs1uly+BIqin/gYA=",
        "owner": "alphapapa",
        "repo": "ts.el",
        "rev": "3fee71ceefac71ba55eb34829d7e94bb3df37cee",
        "type": "github"
      },
      "original": {
        "owner": "alphapapa",
        "repo": "ts.el",
        "type": "github"
      }
    },
    "undo-tree": {
      "flake": false,
      "locked": {
        "lastModified": 1616545491,
        "narHash": "sha256-Lrp9ooVtDQWUE0/xEjfdJmE7tA7WJyJCbQhIJdeIkEQ=",
        "ref": "refs/heads/master",
        "rev": "2bf5e230f1d11df7bbd9d8c722749e34482bc458",
        "revCount": 201,
        "type": "git",
        "url": "https://gitlab.com/tsc25/undo-tree"
      },
      "original": {
        "type": "git",
        "url": "https://gitlab.com/tsc25/undo-tree"
      }
    },
    "use-package": {
      "flake": false,
      "locked": {
        "lastModified": 1656185839,
        "narHash": "sha256-nJcSaWcHAanGluVj4rhyHn3jY2i8O8TdpjLHSEgKT4Q=",
        "owner": "jwiegley",
        "repo": "use-package",
        "rev": "0ad5d9d5d8a61517a207ab04bf69e71c081149eb",
        "type": "github"
      },
      "original": {
        "owner": "jwiegley",
        "repo": "use-package",
        "type": "github"
      }
    },
    "with-editor": {
      "flake": false,
      "locked": {
        "lastModified": 1654683454,
        "narHash": "sha256-XWGXpF+2MSa6lrJdB4opguIffPst2o6ZI88cK/XUbQo=",
        "owner": "magit",
        "repo": "with-editor",
        "rev": "cfcbc2731e402b9169c0dc03e89b5b57aa988502",
        "type": "github"
      },
      "original": {
        "owner": "magit",
        "repo": "with-editor",
        "type": "github"
      }
    },
    "ws-butler": {
      "flake": false,
      "locked": {
        "lastModified": 1605626919,
        "narHash": "sha256-fRWotEVWKaR/thwQNn8Lo9WsT1MadW99svP+kjl6j+0=",
        "owner": "lewang",
        "repo": "ws-butler",
        "rev": "e3a38d93e01014cd47bf5af4924459bd145fd7c4",
        "type": "github"
      },
      "original": {
        "owner": "lewang",
        "repo": "ws-butler",
        "type": "github"
      }
    },
    "yasnippet": {
      "flake": false,
      "locked": {
        "lastModified": 1591238778,
        "narHash": "sha256-dBOScefnGJAYoqgOL66sIJwxUFXqHEqEZ+8i5urT4bI=",
        "owner": "joaotavora",
        "repo": "yasnippet",
        "rev": "5cbdbf0d2015540c59ed8ee0fcf4788effdf75b6",
        "type": "github"
      },
      "original": {
        "owner": "joaotavora",
        "repo": "yasnippet",
        "type": "github"
      }
    },
    "zoutline": {
      "flake": false,
      "locked": {
        "lastModified": 1641112535,
        "narHash": "sha256-CKMC9gW7s921Ok4ng9o7LLZDAzqO2Jmfm/rn9cf3tAs=",
        "owner": "abo-abo",
        "repo": "zoutline",
        "rev": "32857c6c4b9b0bcbed14d825a10b91a98d5fed0a",
        "type": "github"
      },
      "original": {
        "owner": "abo-abo",
        "repo": "zoutline",
        "type": "github"
      }
    }
  },
  "root": "root",
  "version": 7
}
